
Microsoft Visual Studio Solution File, Format Version 12.00
# Visual Studio Version 17
VisualStudioVersion = 17.3.32825.248
MinimumVisualStudioVersion = 10.0.40219.1
Project("{8BC9CEB8-8B4A-11D0-8D11-00A0C91BC942}") = "2D array", "2D array\2D array.vcxproj", "{921BC11E-0C82-48D8-A29F-D0DE0E38D3D1}"
EndProject
Global
	GlobalSection(SolutionConfigurationPlatforms) = preSolution
		Debug|x64 = Debug|x64
		Debug|x86 = Debug|x86
		Release|x64 = Release|x64
		Release|x86 = Release|x86
	EndGlobalSection
	GlobalSection(ProjectConfigurationPlatforms) = postSolution
		{921BC11E-0C82-48D8-A29F-D0DE0E38D3D1}.Debug|x64.ActiveCfg = Debug|x64
		{921BC11E-0C82-48D8-A29F-D0DE0E38D3D1}.Debug|x64.Build.0 = Debug|x64
		{921BC11E-0C82-48D8-A29F-D0DE0E38D3D1}.Debug|x86.ActiveCfg = Debug|Win32
		{921BC11E-0C82-48D8-A29F-D0DE0E38D3D1}.Debug|x86.Build.0 = Debug|Win32
		{921BC11E-0C82-48D8-A29F-D0DE0E38D3D1}.Release|x64.ActiveCfg = Release|x64
		{921BC11E-0C82-48D8-A29F-D0DE0E38D3D1}.Release|x64.Build.0 = Release|x64
		{921BC11E-0C82-48D8-A29F-D0DE0E38D3D1}.Release|x86.ActiveCfg = Release|Win32
		{921BC11E-0C82-48D8-A29F-D0DE0E38D3D1}.Release|x86.Build.0 = Release|Win32
	EndGlobalSection
	GlobalSection(SolutionProperties) = preSolution
		HideSolutionNode = FALSE
	EndGlobalSection
	GlobalSection(ExtensibilityGlobals) = postSolution
		SolutionGuid = {19ECF4FD-6714-43A4-8B74-E4831E42FE03}
	EndGlobalSection
EndGlobal
